github.com/sdboyer/gogl v0.4.1-0.20190821134550-a7d439139054 h1:rbPuAN8xpR7kkWYJQ0OTnZ+N9dsGm2VXA1Ig6ICModk=
github.com/sdboyer/gogl v0.4.1-0.20190821134550-a7d439139054/go.mod h1:Z0bIovy+usWkbqggDEvuE4oSXZPZX8USjpbff7s8beI=
github.com/yourbasic/graph v0.0.0-20210606180040-8ecfec1c2869 h1:7v7L5lsfw4w8iqBBXETukHo4IPltmD+mWoLRYUmeGN8=
github.com/yourbasic/graph v0.0.0-20210606180040-8ecfec1c2869/go.mod h1:Rfzr+sqaDreiCaoQbFCu3sTXxeFq/9kXRuyOoSlGQHE=
gopkg.in/fatih/set.v0 v0.2.1 h1:Xvyyp7LXu34P0ROhCyfXkmQCAoOUKb1E2JS9I7SE5CY=
gopkg.in/fatih/set.v0 v0.2.1/go.mod h1:5eLWEndGL4zGGemXWrKuts+wTJR0y+w+auqUJZbmyBg=
